
Microsoft Visual Studio Solution File, Format Version 12.00
# Visual Studio Version 17
VisualStudioVersion = 17.10.35122.118
MinimumVisualStudioVersion = 10.0.40219.1
Project("{FAE04EC0-301F-11D3-BF4B-00C04F79EFBC}") = "Console_tonghop6", "Console_tonghop6\Console_tonghop6.csproj", "{5293053D-59D7-473B-B3F9-C472516C76DB}"
EndProject
Global
	GlobalSection(SolutionConfigurationPlatforms) = preSolution
		Debug|Any CPU = Debug|Any CPU
		Release|Any CPU = Release|Any CPU
	EndGlobalSection
	GlobalSection(ProjectConfigurationPlatforms) = postSolution
		{5293053D-59D7-473B-B3F9-C472516C76DB}.Debug|Any CPU.ActiveCfg = Debug|Any CPU
		{5293053D-59D7-473B-B3F9-C472516C76DB}.Debug|Any CPU.Build.0 = Debug|Any CPU
		{5293053D-59D7-473B-B3F9-C472516C76DB}.Release|Any CPU.ActiveCfg = Release|Any CPU
		{5293053D-59D7-473B-B3F9-C472516C76DB}.Release|Any CPU.Build.0 = Release|Any CPU
	EndGlobalSection
	GlobalSection(SolutionProperties) = preSolution
		HideSolutionNode = FALSE
	EndGlobalSection
	GlobalSection(ExtensibilityGlobals) = postSolution
		SolutionGuid = {626E6759-6197-4133-9390-E96B4B91D39D}
	EndGlobalSection
EndGlobal
